<?xml version="1.0" encoding="utf-8"?>
<Project ToolsVersion="4.0" xmlns="http://schemas.microsoft.com/developer/msbuild/2003">
  <ItemGroup>
    <Filter Include="Resource">
      <UniqueIdentifier>{07a4cbdb-b9f3-4058-a953-bcf7aac4a887}</UniqueIdentifier>
    </Filter>
    <Filter Include="Headers">
      <UniqueIdentifier>{b511c154-b324-4a4c-81cd-994d0d57f5e4}</UniqueIdentifier>
    </Filter>
  </ItemGroup>
  <ItemGroup>
    <ClCompile Include="Product.cpp">
      <Filter>Resource</Filter>
    </ClCompile>
    <ClCompile Include="LiveProduct.cpp">
      <Filter>Resource</Filter>
    </ClCompile>
    <ClCompile Include="UnliveProduct.cpp">
      <Filter>Resource</Filter>
    </ClCompile>
  </ItemGroup>
  <ItemGroup>
    <ClInclude Include="Product.h">
      <Filter>Headers</Filter>
    </ClInclude>
  </ItemGroup>
</Project>